// !$*UTF8*$!
{
	archiveVersion = 1;
	classes = {
	};
	objectVersion = 56;
	objects = {

/* Begin PBXBuildFile section */
		038AE84492B158E9D67FAC65 /* Pods_ChattingApp.framework in Frameworks */ = {isa = PBXBuildFile; fileRef = 564F9B7543BBFF878F7C9E6A /* Pods_ChattingApp.framework */; };
		4697389E2ABEA03700E5A739 /* AppDelegate.swift in Sources */ = {isa = PBXBuildFile; fileRef = 4697389D2ABEA03700E5A739 /* AppDelegate.swift */; };
		469738A02ABEA03700E5A739 /* SceneDelegate.swift in Sources */ = {isa = PBXBuildFile; fileRef = 4697389F2ABEA03700E5A739 /* SceneDelegate.swift */; };
		469738A52ABEA03700E5A739 /* Main.storyboard in Resources */ = {isa = PBXBuildFile; fileRef = 469738A32ABEA03700E5A739 /* Main.storyboard */; };
		469738A72ABEA03800E5A739 /* Assets.xcassets in Resources */ = {isa = PBXBuildFile; fileRef = 469738A62ABEA03800E5A739 /* Assets.xcassets */; };
		469738AA2ABEA03800E5A739 /* LaunchScreen.storyboard in Resources */ = {isa = PBXBuildFile; fileRef = 469738A82ABEA03800E5A739 /* LaunchScreen.storyboard */; };
		469738B52ABEA0DC00E5A739 /* WelcomeViewController.swift in Sources */ = {isa = PBXBuildFile; fileRef = 469738B42ABEA0DC00E5A739 /* WelcomeViewController.swift */; };
		469738B72ABEA0E600E5A739 /* RegisterViewController.swift in Sources */ = {isa = PBXBuildFile; fileRef = 469738B62ABEA0E600E5A739 /* RegisterViewController.swift */; };
		469738B92ABEA0EF00E5A739 /* LoginViewController.swift in Sources */ = {isa = PBXBuildFile; fileRef = 469738B82ABEA0EF00E5A739 /* LoginViewController.swift */; };
		469738BB2ABEA0FC00E5A739 /* ChatViewController.swift in Sources */ = {isa = PBXBuildFile; fileRef = 469738BA2ABEA0FC00E5A739 /* ChatViewController.swift */; };
		469738BF2ABF304F00E5A739 /* Constants.swift in Sources */ = {isa = PBXBuildFile; fileRef = 469738BE2ABF304F00E5A739 /* Constants.swift */; };
		469738C12ABF397B00E5A739 /* GoogleService-Info.plist in Resources */ = {isa = PBXBuildFile; fileRef = 469738C02ABF397B00E5A739 /* GoogleService-Info.plist */; };
		469738C42ABF3E2500E5A739 /* Message.swift in Sources */ = {isa = PBXBuildFile; fileRef = 469738C32ABF3E2500E5A739 /* Message.swift */; };
		469738C92ABF406E00E5A739 /* MessageCell.swift in Sources */ = {isa = PBXBuildFile; fileRef = 469738C72ABF406E00E5A739 /* MessageCell.swift */; };
		469738CA2ABF406E00E5A739 /* MessageCell.xib in Resources */ = {isa = PBXBuildFile; fileRef = 469738C82ABF406E00E5A739 /* MessageCell.xib */; };
/* End PBXBuildFile section */

/* Begin PBXFileReference section */
		026FDAFBA42B408320C29F79 /* Pods-ChattingApp.release.xcconfig */ = {isa = PBXFileReference; includeInIndex = 1; lastKnownFileType = text.xcconfig; name = "Pods-ChattingApp.release.xcconfig"; path = "Target Support Files/Pods-ChattingApp/Pods-ChattingApp.release.xcconfig"; sourceTree = "<group>"; };
		4697389A2ABEA03700E5A739 /* ChattingApp.app */ = {isa = PBXFileReference; explicitFileType = wrapper.application; includeInIndex = 0; path = ChattingApp.app; sourceTree = BUILT_PRODUCTS_DIR; };
		4697389D2ABEA03700E5A739 /* AppDelegate.swift */ = {isa = PBXFileReference; lastKnownFileType = sourcecode.swift; path = AppDelegate.swift; sourceTree = "<group>"; };
		4697389F2ABEA03700E5A739 /* SceneDelegate.swift */ = {isa = PBXFileReference; lastKnownFileType = sourcecode.swift; path = SceneDelegate.swift; sourceTree = "<group>"; };
		469738A42ABEA03700E5A739 /* Base */ = {isa = PBXFileReference; lastKnownFileType = file.storyboard; name = Base; path = Base.lproj/Main.storyboard; sourceTree = "<group>"; };
		469738A62ABEA03800E5A739 /* Assets.xcassets */ = {isa = PBXFileReference; lastKnownFileType = folder.assetcatalog; path = Assets.xcassets; sourceTree = "<group>"; };
		469738A92ABEA03800E5A739 /* Base */ = {isa = PBXFileReference; lastKnownFileType = file.storyboard; name = Base; path = Base.lproj/LaunchScreen.storyboard; sourceTree = "<group>"; };
		469738AB2ABEA03800E5A739 /* Info.plist */ = {isa = PBXFileReference; lastKnownFileType = text.plist.xml; path = Info.plist; sourceTree = "<group>"; };
		469738B42ABEA0DC00E5A739 /* WelcomeViewController.swift */ = {isa = PBXFileReference; lastKnownFileType = sourcecode.swift; path = WelcomeViewController.swift; sourceTree = "<group>"; };
		469738B62ABEA0E600E5A739 /* RegisterViewController.swift */ = {isa = PBXFileReference; lastKnownFileType = sourcecode.swift; path = RegisterViewController.swift; sourceTree = "<group>"; };
		469738B82ABEA0EF00E5A739 /* LoginViewController.swift */ = {isa = PBXFileReference; lastKnownFileType = sourcecode.swift; path = LoginViewController.swift; sourceTree = "<group>"; };
		469738BA2ABEA0FC00E5A739 /* ChatViewController.swift */ = {isa = PBXFileReference; lastKnownFileType = sourcecode.swift; path = ChatViewController.swift; sourceTree = "<group>"; };
		469738BE2ABF304F00E5A739 /* Constants.swift */ = {isa = PBXFileReference; lastKnownFileType = sourcecode.swift; path = Constants.swift; sourceTree = "<group>"; };
		469738C02ABF397B00E5A739 /* GoogleService-Info.plist */ = {isa = PBXFileReference; lastKnownFileType = text.plist; path = "GoogleService-Info.plist"; sourceTree = SOURCE_ROOT; };
		469738C32ABF3E2500E5A739 /* Message.swift */ = {isa = PBXFileReference; lastKnownFileType = sourcecode.swift; path = Message.swift; sourceTree = "<group>"; };
		469738C72ABF406E00E5A739 /* MessageCell.swift */ = {isa = PBXFileReference; lastKnownFileType = sourcecode.swift; path = MessageCell.swift; sourceTree = "<group>"; };
		469738C82ABF406E00E5A739 /* MessageCell.xib */ = {isa = PBXFileReference; lastKnownFileType = file.xib; path = MessageCell.xib; sourceTree = "<group>"; };
		564F9B7543BBFF878F7C9E6A /* Pods_ChattingApp.framework */ = {isa = PBXFileReference; explicitFileType = wrapper.framework; includeInIndex = 0; path = Pods_ChattingApp.framework; sourceTree = BUILT_PRODUCTS_DIR; };
		C0573BDAA00F20F8A8511867 /* Pods-ChattingApp.debug.xcconfig */ = {isa = PBXFileReference; includeInIndex = 1; lastKnownFileType = text.xcconfig; name = "Pods-ChattingApp.debug.xcconfig"; path = "Target Support Files/Pods-ChattingApp/Pods-ChattingApp.debug.xcconfig"; sourceTree = "<group>"; };
/* End PBXFileReference section */

/* Begin PBXFrameworksBuildPhase section */
		469738972ABEA03700E5A739 /* Frameworks */ = {
			isa = PBXFrameworksBuildPhase;
			buildActionMask = 2147483647;
			files = (
				038AE84492B158E9D67FAC65 /* Pods_ChattingApp.framework in Frameworks */,
			);
			runOnlyForDeploymentPostprocessing = 0;
		};
/* End PBXFrameworksBuildPhase section */

/* Begin PBXGroup section */
		469738912ABEA03700E5A739 = {
			isa = PBXGroup;
			children = (
				4697389C2ABEA03700E5A739 /* ChattingApp */,
				4697389B2ABEA03700E5A739 /* Products */,
				CFF54A987AB8996EDD4F4F30 /* Pods */,
				BEBBD009A92B59ED0A571D8B /* Frameworks */,
			);
			sourceTree = "<group>";
		};
		4697389B2ABEA03700E5A739 /* Products */ = {
			isa = PBXGroup;
			children = (
				4697389A2ABEA03700E5A739 /* ChattingApp.app */,
			);
			name = Products;
			sourceTree = "<group>";
		};
		4697389C2ABEA03700E5A739 /* ChattingApp */ = {
			isa = PBXGroup;
			children = (
				469738C22ABF3E1900E5A739 /* Model */,
				469738B32ABEA0C900E5A739 /* Controllers */,
				469738B22ABEA0B800E5A739 /* Views */,
				469738B12ABEA0A700E5A739 /* Models */,
				4697389D2ABEA03700E5A739 /* AppDelegate.swift */,
				4697389F2ABEA03700E5A739 /* SceneDelegate.swift */,
				469738A32ABEA03700E5A739 /* Main.storyboard */,
				469738A62ABEA03800E5A739 /* Assets.xcassets */,
				469738A82ABEA03800E5A739 /* LaunchScreen.storyboard */,
				469738AB2ABEA03800E5A739 /* Info.plist */,
				469738C02ABF397B00E5A739 /* GoogleService-Info.plist */,
				469738BE2ABF304F00E5A739 /* Constants.swift */,
			);
			path = ChattingApp;
			sourceTree = "<group>";
		};
		469738B12ABEA0A700E5A739 /* Models */ = {
			isa = PBXGroup;
			children = (
			);
			path = Models;
			sourceTree = "<group>";
		};
		469738B22ABEA0B800E5A739 /* Views */ = {
			isa = PBXGroup;
			children = (
				469738C72ABF406E00E5A739 /* MessageCell.swift */,
				469738C82ABF406E00E5A739 /* MessageCell.xib */,
			);
			path = Views;
			sourceTree = "<group>";
		};
		469738B32ABEA0C900E5A739 /* Controllers */ = {
			isa = PBXGroup;
			children = (
				469738B42ABEA0DC00E5A739 /* WelcomeViewController.swift */,
				469738B82ABEA0EF00E5A739 /* LoginViewController.swift */,
				469738B62ABEA0E600E5A739 /* RegisterViewController.swift */,
				469738BA2ABEA0FC00E5A739 /* ChatViewController.swift */,
			);
			path = Controllers;
			sourceTree = "<group>";
		};
		469738C22ABF3E1900E5A739 /* Model */ = {
			isa = PBXGroup;
			children = (
				469738C32ABF3E2500E5A739 /* Message.swift */,
			);
			path = Model;
			sourceTree = "<group>";
		};
		BEBBD009A92B59ED0A571D8B /* Frameworks */ = {
			isa = PBXGroup;
			children = (
				564F9B7543BBFF878F7C9E6A /* Pods_ChattingApp.framework */,
			);
			name = Frameworks;
			sourceTree = "<group>";
		};
		CFF54A987AB8996EDD4F4F30 /* Pods */ = {
			isa = PBXGroup;
			children = (
				C0573BDAA00F20F8A8511867 /* Pods-ChattingApp.debug.xcconfig */,
				026FDAFBA42B408320C29F79 /* Pods-ChattingApp.release.xcconfig */,
			);
			path = Pods;
			sourceTree = "<group>";
		};
/* End PBXGroup section */

/* Begin PBXNativeTarget section */
		469738992ABEA03700E5A739 /* ChattingApp */ = {
			isa = PBXNativeTarget;
			buildConfigurationList = 469738AE2ABEA03800E5A739 /* Build configuration list for PBXNativeTarget "ChattingApp" */;
			buildPhases = (
				AA56B14CDA7F9E721344DE71 /* [CP] Check Pods Manifest.lock */,
				469738962ABEA03700E5A739 /* Sources */,
				469738972ABEA03700E5A739 /* Frameworks */,
				469738982ABEA03700E5A739 /* Resources */,
				6E4EAD23EAD77B1357122DB5 /* [CP] Embed Pods Frameworks */,
			);
			buildRules = (
			);
			dependencies = (
			);
			name = ChattingApp;
			productName = ChattingApp;
			productReference = 4697389A2ABEA03700E5A739 /* ChattingApp.app */;
			productType = "com.apple.product-type.application";
		};
/* End PBXNativeTarget section */

/* Begin PBXProject section */
		469738922ABEA03700E5A739 /* Project object */ = {
			isa = PBXProject;
			attributes = {
				BuildIndependentTargetsInParallel = 1;
				LastSwiftUpdateCheck = 1430;
				LastUpgradeCheck = 1430;
				TargetAttributes = {
					469738992ABEA03700E5A739 = {
						CreatedOnToolsVersion = 14.3.1;
					};
				};
			};
			buildConfigurationList = 469738952ABEA03700E5A739 /* Build configuration list for PBXProject "ChattingApp" */;
			compatibilityVersion = "Xcode 14.0";
			developmentRegion = en;
			hasScannedForEncodings = 0;
			knownRegions = (
				en,
				Base,
			);
			mainGroup = 469738912ABEA03700E5A739;
			productRefGroup = 4697389B2ABEA03700E5A739 /* Products */;
			projectDirPath = "";
			projectRoot = "";
			targets = (
				469738992ABEA03700E5A739 /* ChattingApp */,
			);
		};
/* End PBXProject section */

/* Begin PBXResourcesBuildPhase section */
		469738982ABEA03700E5A739 /* Resources */ = {
			isa = PBXResourcesBuildPhase;
			buildActionMask = 2147483647;
			files = (
				469738CA2ABF406E00E5A739 /* MessageCell.xib in Resources */,
				469738AA2ABEA03800E5A739 /* LaunchScreen.storyboard in Resources */,
				469738C12ABF397B00E5A739 /* GoogleService-Info.plist in Resources */,
				469738A72ABEA03800E5A739 /* Assets.xcassets in Resources */,
				469738A52ABEA03700E5A739 /* Main.storyboard in Resources */,
			);
			runOnlyForDeploymentPostprocessing = 0;
		};
/* End PBXResourcesBuildPhase section */

/* Begin PBXShellScriptBuildPhase section */
		6E4EAD23EAD77B1357122DB5 /* [CP] Embed Pods Frameworks */ = {
			isa = PBXShellScriptBuildPhase;
			buildActionMask = 2147483647;
			files = (
			);
			inputFileListPaths = (
				"${PODS_ROOT}/Target Support Files/Pods-ChattingApp/Pods-ChattingApp-frameworks-${CONFIGURATION}-input-files.xcfilelist",
			);
			name = "[CP] Embed Pods Frameworks";
			outputFileListPaths = (
				"${PODS_ROOT}/Target Support Files/Pods-ChattingApp/Pods-ChattingApp-frameworks-${CONFIGURATION}-output-files.xcfilelist",
			);
			runOnlyForDeploymentPostprocessing = 0;
			shellPath = /bin/sh;
			shellScript = "\"${PODS_ROOT}/Target Support Files/Pods-ChattingApp/Pods-ChattingApp-frameworks.sh\"\n";
			showEnvVarsInLog = 0;
		};
		AA56B14CDA7F9E721344DE71 /* [CP] Check Pods Manifest.lock */ = {
			isa = PBXShellScriptBuildPhase;
			buildActionMask = 2147483647;
			files = (
			);
			inputFileListPaths = (
			);
			inputPaths = (
				"${PODS_PODFILE_DIR_PATH}/Podfile.lock",
				"${PODS_ROOT}/Manifest.lock",
			);
			name = "[CP] Check Pods Manifest.lock";
			outputFileListPaths = (
			);
			outputPaths = (
				"$(DERIVED_FILE_DIR)/Pods-ChattingApp-checkManifestLockResult.txt",
			);
			runOnlyForDeploymentPostprocessing = 0;
			shellPath = /bin/sh;
			shellScript = "diff \"${PODS_PODFILE_DIR_PATH}/Podfile.lock\" \"${PODS_ROOT}/Manifest.lock\" > /dev/null\nif [ $? != 0 ] ; then\n    # print error to STDERR\n    echo \"error: The sandbox is not in sync with the Podfile.lock. Run 'pod install' or update your CocoaPods installation.\" >&2\n    exit 1\nfi\n# This output is used by Xcode 'outputs' to avoid re-running this script phase.\necho \"SUCCESS\" > \"${SCRIPT_OUTPUT_FILE_0}\"\n";
			showEnvVarsInLog = 0;
		};
/* End PBXShellScriptBuildPhase section */

/* Begin PBXSourcesBuildPhase section */
		469738962ABEA03700E5A739 /* Sources */ = {
			isa = PBXSourcesBuildPhase;
			buildActionMask = 2147483647;
			files = (
				469738B52ABEA0DC00E5A739 /* WelcomeViewController.swift in Sources */,
				4697389E2ABEA03700E5A739 /* AppDelegate.swift in Sources */,
				469738A02ABEA03700E5A739 /* SceneDelegate.swift in Sources */,
				469738B92ABEA0EF00E5A739 /* LoginViewController.swift in Sources */,
				469738BF2ABF304F00E5A739 /* Constants.swift in Sources */,
				469738C42ABF3E2500E5A739 /* Message.swift in Sources */,
				469738BB2ABEA0FC00E5A739 /* ChatViewController.swift in Sources */,
				469738B72ABEA0E600E5A739 /* RegisterViewController.swift in Sources */,
				469738C92ABF406E00E5A739 /* MessageCell.swift in Sources */,
			);
			runOnlyForDeploymentPostprocessing = 0;
		};
/* End PBXSourcesBuildPhase section */

/* Begin PBXVariantGroup section */
		469738A32ABEA03700E5A739 /* Main.storyboard */ = {
			isa = PBXVariantGroup;
			children = (
				469738A42ABEA03700E5A739 /* Base */,
			);
			name = Main.storyboard;
			sourceTree = "<group>";
		};
		469738A82ABEA03800E5A739 /* LaunchScreen.storyboard */ = {
			isa = PBXVariantGroup;
			children = (
				469738A92ABEA03800E5A739 /* Base */,
			);
			name = LaunchScreen.storyboard;
			sourceTree = "<group>";
		};
/* End PBXVariantGroup section */

/* Begin XCBuildConfiguration section */
		469738AC2ABEA03800E5A739 /* Debug */ = {
			isa = XCBuildConfiguration;
			buildSettings = {
				ALWAYS_SEARCH_USER_PATHS = NO;
				CLANG_ANALYZER_NONNULL = YES;
				CLANG_ANALYZER_NUMBER_OBJECT_CONVERSION = YES_AGGRESSIVE;
				CLANG_CXX_LANGUAGE_STANDARD = "gnu++20";
				CLANG_ENABLE_MODULES = YES;
				CLANG_ENABLE_OBJC_ARC = YES;
				CLANG_ENABLE_OBJC_WEAK = YES;
				CLANG_WARN_BLOCK_CAPTURE_AUTORELEASING = YES;
				CLANG_WARN_BOOL_CONVERSION = YES;
				CLANG_WARN_COMMA = YES;
				CLANG_WARN_CONSTANT_CONVERSION = YES;
				CLANG_WARN_DEPRECATED_OBJC_IMPLEMENTATIONS = YES;
				CLANG_WARN_DIRECT_OBJC_ISA_USAGE = YES_ERROR;
				CLANG_WARN_DOCUMENTATION_COMMENTS = YES;
				CLANG_WARN_EMPTY_BODY = YES;
				CLANG_WARN_ENUM_CONVERSION = YES;
				CLANG_WARN_INFINITE_RECURSION = YES;
				CLANG_WARN_INT_CONVERSION = YES;
				CLANG_WARN_NON_LITERAL_NULL_CONVERSION = YES;
				CLANG_WARN_OBJC_IMPLICIT_RETAIN_SELF = YES;
				CLANG_WARN_OBJC_LITERAL_CONVERSION = YES;
				CLANG_WARN_OBJC_ROOT_CLASS = YES_ERROR;
				CLANG_WARN_QUOTED_INCLUDE_IN_FRAMEWORK_HEADER = YES;
				CLANG_WARN_RANGE_LOOP_ANALYSIS = YES;
				CLANG_WARN_STRICT_PROTOTYPES = YES;
				CLANG_WARN_SUSPICIOUS_MOVE = YES;
				CLANG_WARN_UNGUARDED_AVAILABILITY = YES_AGGRESSIVE;
				CLANG_WARN_UNREACHABLE_CODE = YES;
				CLANG_WARN__DUPLICATE_METHOD_MATCH = YES;
				COPY_PHASE_STRIP = NO;
				DEBUG_INFORMATION_FORMAT = dwarf;
				ENABLE_STRICT_OBJC_MSGSEND = YES;
				ENABLE_TESTABILITY = YES;
				GCC_C_LANGUAGE_STANDARD = gnu11;
				GCC_DYNAMIC_NO_PIC = NO;
				GCC_NO_COMMON_BLOCKS = YES;
				GCC_OPTIMIZATION_LEVEL = 0;
				GCC_PREPROCESSOR_DEFINITIONS = (
					"DEBUG=1",
					"$(inherited)",
				);
				GCC_WARN_64_TO_32_BIT_CONVERSION = YES;
				GCC_WARN_ABOUT_RETURN_TYPE = YES_ERROR;
				GCC_WARN_UNDECLARED_SELECTOR = YES;
				GCC_WARN_UNINITIALIZED_AUTOS = YES_AGGRESSIVE;
				GCC_WARN_UNUSED_FUNCTION = YES;
				GCC_WARN_UNUSED_VARIABLE = YES;
				IPHONEOS_DEPLOYMENT_TARGET = 16.4;
				MTL_ENABLE_DEBUG_INFO = INCLUDE_SOURCE;
				MTL_FAST_MATH = YES;
				ONLY_ACTIVE_ARCH = YES;
				SDKROOT = iphoneos;
				SWIFT_ACTIVE_COMPILATION_CONDITIONS = DEBUG;
				SWIFT_OPTIMIZATION_LEVEL = "-Onone";
			};
			name = Debug;
		};
		469738AD2ABEA03800E5A739 /* Release */ = {
			isa = XCBuildConfiguration;
			buildSettings = {
				ALWAYS_SEARCH_USER_PATHS = NO;
				CLANG_ANALYZER_NONNULL = YES;
				CLANG_ANALYZER_NUMBER_OBJECT_CONVERSION = YES_AGGRESSIVE;
				CLANG_CXX_LANGUAGE_STANDARD = "gnu++20";
				CLANG_ENABLE_MODULES = YES;
				CLANG_ENABLE_OBJC_ARC = YES;
				CLANG_ENABLE_OBJC_WEAK = YES;
				CLANG_WARN_BLOCK_CAPTURE_AUTORELEASING = YES;
				CLANG_WARN_BOOL_CONVERSION = YES;
				CLANG_WARN_COMMA = YES;
				CLANG_WARN_CONSTANT_CONVERSION = YES;
				CLANG_WARN_DEPRECATED_OBJC_IMPLEMENTATIONS = YES;
				CLANG_WARN_DIRECT_OBJC_ISA_USAGE = YES_ERROR;
				CLANG_WARN_DOCUMENTATION_COMMENTS = YES;
				CLANG_WARN_EMPTY_BODY = YES;
				CLANG_WARN_ENUM_CONVERSION = YES;
				CLANG_WARN_INFINITE_RECURSION = YES;
				CLANG_WARN_INT_CONVERSION = YES;
				CLANG_WARN_NON_LITERAL_NULL_CONVERSION = YES;
				CLANG_WARN_OBJC_IMPLICIT_RETAIN_SELF = YES;
				CLANG_WARN_OBJC_LITERAL_CONVERSION = YES;
				CLANG_WARN_OBJC_ROOT_CLASS = YES_ERROR;
				CLANG_WARN_QUOTED_INCLUDE_IN_FRAMEWORK_HEADER = YES;
				CLANG_WARN_RANGE_LOOP_ANALYSIS = YES;
				CLANG_WARN_STRICT_PROTOTYPES = YES;
				CLANG_WARN_SUSPICIOUS_MOVE = YES;
				CLANG_WARN_UNGUARDED_AVAILABILITY = YES_AGGRESSIVE;
				CLANG_WARN_UNREACHABLE_CODE = YES;
				CLANG_WARN__DUPLICATE_METHOD_MATCH = YES;
				COPY_PHASE_STRIP = NO;
				DEBUG_INFORMATION_FORMAT = "dwarf-with-dsym";
				ENABLE_NS_ASSERTIONS = NO;
				ENABLE_STRICT_OBJC_MSGSEND = YES;
				GCC_C_LANGUAGE_STANDARD = gnu11;
				GCC_NO_COMMON_BLOCKS = YES;
				GCC_WARN_64_TO_32_BIT_CONVERSION = YES;
				GCC_WARN_ABOUT_RETURN_TYPE = YES_ERROR;
				GCC_WARN_UNDECLARED_SELECTOR = YES;
				GCC_WARN_UNINITIALIZED_AUTOS = YES_AGGRESSIVE;
				GCC_WARN_UNUSED_FUNCTION = YES;
				GCC_WARN_UNUSED_VARIABLE = YES;
				IPHONEOS_DEPLOYMENT_TARGET = 16.4;
				MTL_ENABLE_DEBUG_INFO = NO;
				MTL_FAST_MATH = YES;
				SDKROOT = iphoneos;
				SWIFT_COMPILATION_MODE = wholemodule;
				SWIFT_OPTIMIZATION_LEVEL = "-O";
				VALIDATE_PRODUCT = YES;
			};
			name = Release;
		};
		469738AF2ABEA03800E5A739 /* Debug */ = {
			isa = XCBuildConfiguration;
			baseConfigurationReference = C0573BDAA00F20F8A8511867 /* Pods-ChattingApp.debug.xcconfig */;
			buildSettings = {
				ASSETCATALOG_COMPILER_APPICON_NAME = AppIcon;
				ASSETCATALOG_COMPILER_GLOBAL_ACCENT_COLOR_NAME = AccentColor;
				CODE_SIGN_STYLE = Automatic;
				CURRENT_PROJECT_VERSION = 1;
				DEVELOPMENT_TEAM = 7K76RWRQBL;
				GENERATE_INFOPLIST_FILE = YES;
				INFOPLIST_FILE = ChattingApp/Info.plist;
				INFOPLIST_KEY_UIApplicationSupportsIndirectInputEvents = YES;
				INFOPLIST_KEY_UILaunchStoryboardName = LaunchScreen;
				INFOPLIST_KEY_UIMainStoryboardFile = Main;
				INFOPLIST_KEY_UISupportedInterfaceOrientations_iPad = "UIInterfaceOrientationPortrait UIInterfaceOrientationPortraitUpsideDown UIInterfaceOrientationLandscapeLeft UIInterfaceOrientationLandscapeRight";
				INFOPLIST_KEY_UISupportedInterfaceOrientations_iPhone = "UIInterfaceOrientationPortrait UIInterfaceOrientationLandscapeLeft UIInterfaceOrientationLandscapeRight";
				LD_RUNPATH_SEARCH_PATHS = (
					"$(inherited)",
					"@executable_path/Frameworks",
				);
				MARKETING_VERSION = 1.0;
				PRODUCT_BUNDLE_IDENTIFIER = com.jaeHyeonLim9298.ChattingApp;
				PRODUCT_NAME = "$(TARGET_NAME)";
				SWIFT_EMIT_LOC_STRINGS = YES;
				SWIFT_VERSION = 5.0;
				TARGETED_DEVICE_FAMILY = "1,2";
			};
			name = Debug;
		};
		469738B02ABEA03800E5A739 /* Release */ = {
			isa = XCBuildConfiguration;
			baseConfigurationReference = 026FDAFBA42B408320C29F79 /* Pods-ChattingApp.release.xcconfig */;
			buildSettings = {
				ASSETCATALOG_COMPILER_APPICON_NAME = AppIcon;
				ASSETCATALOG_COMPILER_GLOBAL_ACCENT_COLOR_NAME = AccentColor;
				CODE_SIGN_STYLE = Automatic;
				CURRENT_PROJECT_VERSION = 1;
				DEVELOPMENT_TEAM = 7K76RWRQBL;
				GENERATE_INFOPLIST_FILE = YES;
				INFOPLIST_FILE = ChattingApp/Info.plist;
				INFOPLIST_KEY_UIApplicationSupportsIndirectInputEvents = YES;
				INFOPLIST_KEY_UILaunchStoryboardName = LaunchScreen;
				INFOPLIST_KEY_UIMainStoryboardFile = Main;
				INFOPLIST_KEY_UISupportedInterfaceOrientations_iPad = "UIInterfaceOrientationPortrait UIInterfaceOrientationPortraitUpsideDown UIInterfaceOrientationLandscapeLeft UIInterfaceOrientationLandscapeRight";
				INFOPLIST_KEY_UISupportedInterfaceOrientations_iPhone = "UIInterfaceOrientationPortrait UIInterfaceOrientationLandscapeLeft UIInterfaceOrientationLandscapeRight";
				LD_RUNPATH_SEARCH_PATHS = (
					"$(inherited)",
					"@executable_path/Frameworks",
				);
				MARKETING_VERSION = 1.0;
				PRODUCT_BUNDLE_IDENTIFIER = com.jaeHyeonLim9298.ChattingApp;
				PRODUCT_NAME = "$(TARGET_NAME)";
				SWIFT_EMIT_LOC_STRINGS = YES;
				SWIFT_VERSION = 5.0;
				TARGETED_DEVICE_FAMILY = "1,2";
			};
			name = Release;
		};
/* End XCBuildConfiguration section */

/* Begin XCConfigurationList section */
		469738952ABEA03700E5A739 /* Build configuration list for PBXProject "ChattingApp" */ = {
			isa = XCConfigurationList;
			buildConfigurations = (
				469738AC2ABEA03800E5A739 /* Debug */,
				469738AD2ABEA03800E5A739 /* Release */,
			);
			defaultConfigurationIsVisible = 0;
			defaultConfigurationName = Release;
		};
		469738AE2ABEA03800E5A739 /* Build configuration list for PBXNativeTarget "ChattingApp" */ = {
			isa = XCConfigurationList;
			buildConfigurations = (
				469738AF2ABEA03800E5A739 /* Debug */,
				469738B02ABEA03800E5A739 /* Release */,
			);
			defaultConfigurationIsVisible = 0;
			defaultConfigurationName = Release;
		};
/* End XCConfigurationList section */
	};
	rootObject = 469738922ABEA03700E5A739 /* Project object */;
}
